
Microsoft Visual Studio Solution File, Format Version 12.00
# Visual Studio Version 17
VisualStudioVersion = 17.4.33213.308
MinimumVisualStudioVersion = 10.0.40219.1
Project("{FAE04EC0-301F-11D3-BF4B-00C04F79EFBC}") = "Testwasm", "Testwasm\Testwasm.csproj", "{6BD2C77E-A986-491B-8F85-74C6A71036D5}"
EndProject
Global
	GlobalSection(SolutionConfigurationPlatforms) = preSolution
		Debug|Any CPU = Debug|Any CPU
		Release|Any CPU = Release|Any CPU
	EndGlobalSection
	GlobalSection(ProjectConfigurationPlatforms) = postSolution
		{6BD2C77E-A986-491B-8F85-74C6A71036D5}.Debug|Any CPU.ActiveCfg = Debug|Any CPU
		{6BD2C77E-A986-491B-8F85-74C6A71036D5}.Debug|Any CPU.Build.0 = Debug|Any CPU
		{6BD2C77E-A986-491B-8F85-74C6A71036D5}.Release|Any CPU.ActiveCfg = Release|Any CPU
		{6BD2C77E-A986-491B-8F85-74C6A71036D5}.Release|Any CPU.Build.0 = Release|Any CPU
	EndGlobalSection
	GlobalSection(SolutionProperties) = preSolution
		HideSolutionNode = FALSE
	EndGlobalSection
	GlobalSection(ExtensibilityGlobals) = postSolution
		SolutionGuid = {42E877BF-8278-4F9E-869D-4317AD52BEE2}
	EndGlobalSection
EndGlobal
